
Microsoft Visual Studio Solution File, Format Version 12.00
# Visual Studio Version 17
VisualStudioVersion = 17.14.36202.13 d17.14
MinimumVisualStudioVersion = 10.0.40219.1
Project("{FAE04EC0-301F-11D3-BF4B-00C04F79EFBC}") = "BlogMarkDown", "BlogMarkDown.csproj", "{327E9019-10C3-4D6E-80B4-7B61C1FE9F03}"
EndProject
Global
	GlobalSection(SolutionConfigurationPlatforms) = preSolution
		Debug|Any CPU = Debug|Any CPU
		Release|Any CPU = Release|Any CPU
	EndGlobalSection
	GlobalSection(ProjectConfigurationPlatforms) = postSolution
		{327E9019-10C3-4D6E-80B4-7B61C1FE9F03}.Debug|Any CPU.ActiveCfg = Debug|Any CPU
		{327E9019-10C3-4D6E-80B4-7B61C1FE9F03}.Debug|Any CPU.Build.0 = Debug|Any CPU
		{327E9019-10C3-4D6E-80B4-7B61C1FE9F03}.Release|Any CPU.ActiveCfg = Release|Any CPU
		{327E9019-10C3-4D6E-80B4-7B61C1FE9F03}.Release|Any CPU.Build.0 = Release|Any CPU
	EndGlobalSection
	GlobalSection(SolutionProperties) = preSolution
		HideSolutionNode = FALSE
	EndGlobalSection
	GlobalSection(ExtensibilityGlobals) = postSolution
		SolutionGuid = {AADBB045-615B-4964-AAF1-7CACAD82CA16}
	EndGlobalSection
EndGlobal
